
Microsoft Visual Studio Solution File, Format Version 12.00
# Visual Studio Version 16
VisualStudioVersion = 16.0.31321.278
MinimumVisualStudioVersion = 10.0.40219.1
Project("{FAE04EC0-301F-11D3-BF4B-00C04F79EFBC}") = "Registro", "Registro\Registro.csproj", "{61389886-48BC-426D-A19F-AF8BBE29A3FA}"
EndProject
Global
	GlobalSection(SolutionConfigurationPlatforms) = preSolution
		Debug|Any CPU = Debug|Any CPU
		Release|Any CPU = Release|Any CPU
	EndGlobalSection
	GlobalSection(ProjectConfigurationPlatforms) = postSolution
		{61389886-48BC-426D-A19F-AF8BBE29A3FA}.Debug|Any CPU.ActiveCfg = Debug|Any CPU
		{61389886-48BC-426D-A19F-AF8BBE29A3FA}.Debug|Any CPU.Build.0 = Debug|Any CPU
		{61389886-48BC-426D-A19F-AF8BBE29A3FA}.Release|Any CPU.ActiveCfg = Release|Any CPU
		{61389886-48BC-426D-A19F-AF8BBE29A3FA}.Release|Any CPU.Build.0 = Release|Any CPU
	EndGlobalSection
	GlobalSection(SolutionProperties) = preSolution
		HideSolutionNode = FALSE
	EndGlobalSection
	GlobalSection(ExtensibilityGlobals) = postSolution
		SolutionGuid = {35879E29-D4F7-4088-AB55-65973E267629}
	EndGlobalSection
EndGlobal
